// !$*UTF8*$!
{
	archiveVersion = 1;
	classes = {
	};
	objectVersion = 56;
	objects = {

/* Begin PBXBuildFile section */
		CC71D09829C0BFE400924321 /* randomProjectApp.swift in Sources */ = {isa = PBXBuildFile; fileRef = CC71D09729C0BFE400924321 /* randomProjectApp.swift */; };
		CC71D09A29C0BFE400924321 /* ContentView.swift in Sources */ = {isa = PBXBuildFile; fileRef = CC71D09929C0BFE400924321 /* ContentView.swift */; };
		CC71D09C29C0BFE800924321 /* Assets.xcassets in Resources */ = {isa = PBXBuildFile; fileRef = CC71D09B29C0BFE800924321 /* Assets.xcassets */; };
		CC71D09F29C0BFE800924321 /* Preview Assets.xcassets in Resources */ = {isa = PBXBuildFile; fileRef = CC71D09E29C0BFE800924321 /* Preview Assets.xcassets */; };
		CC71D0A929C0BFE900924321 /* randomProjectTests.swift in Sources */ = {isa = PBXBuildFile; fileRef = CC71D0A829C0BFE900924321 /* randomProjectTests.swift */; };
		CC71D0B329C0BFE900924321 /* randomProjectUITests.swift in Sources */ = {isa = PBXBuildFile; fileRef = CC71D0B229C0BFE900924321 /* randomProjectUITests.swift */; };
		CC71D0B529C0BFE900924321 /* randomProjectUITestsLaunchTests.swift in Sources */ = {isa = PBXBuildFile; fileRef = CC71D0B429C0BFE900924321 /* randomProjectUITestsLaunchTests.swift */; };
/* End PBXBuildFile section */

/* Begin PBXContainerItemProxy section */
		CC71D0A529C0BFE900924321 /* PBXContainerItemProxy */ = {
			isa = PBXContainerItemProxy;
			containerPortal = CC71D08C29C0BFE400924321 /* Project object */;
			proxyType = 1;
			remoteGlobalIDString = CC71D09329C0BFE400924321;
			remoteInfo = randomProject;
		};
		CC71D0AF29C0BFE900924321 /* PBXContainerItemProxy */ = {
			isa = PBXContainerItemProxy;
			containerPortal = CC71D08C29C0BFE400924321 /* Project object */;
			proxyType = 1;
			remoteGlobalIDString = CC71D09329C0BFE400924321;
			remoteInfo = randomProject;
		};
/* End PBXContainerItemProxy section */

/* Begin PBXFileReference section */
		CC71D09429C0BFE400924321 /* randomProject.app */ = {isa = PBXFileReference; explicitFileType = wrapper.application; includeInIndex = 0; path = randomProject.app; sourceTree = BUILT_PRODUCTS_DIR; };
		CC71D09729C0BFE400924321 /* randomProjectApp.swift */ = {isa = PBXFileReference; lastKnownFileType = sourcecode.swift; path = randomProjectApp.swift; sourceTree = "<group>"; };
		CC71D09929C0BFE400924321 /* ContentView.swift */ = {isa = PBXFileReference; lastKnownFileType = sourcecode.swift; path = ContentView.swift; sourceTree = "<group>"; };
		CC71D09B29C0BFE800924321 /* Assets.xcassets */ = {isa = PBXFileReference; lastKnownFileType = folder.assetcatalog; path = Assets.xcassets; sourceTree = "<group>"; };
		CC71D09E29C0BFE800924321 /* Preview Assets.xcassets */ = {isa = PBXFileReference; lastKnownFileType = folder.assetcatalog; path = "Preview Assets.xcassets"; sourceTree = "<group>"; };
		CC71D0A429C0BFE900924321 /* randomProjectTests.xctest */ = {isa = PBXFileReference; explicitFileType = wrapper.cfbundle; includeInIndex = 0; path = randomProjectTests.xctest; sourceTree = BUILT_PRODUCTS_DIR; };
		CC71D0A829C0BFE900924321 /* randomProjectTests.swift */ = {isa = PBXFileReference; lastKnownFileType = sourcecode.swift; path = randomProjectTests.swift; sourceTree = "<group>"; };
		CC71D0AE29C0BFE900924321 /* randomProjectUITests.xctest */ = {isa = PBXFileReference; explicitFileType = wrapper.cfbundle; includeInIndex = 0; path = randomProjectUITests.xctest; sourceTree = BUILT_PRODUCTS_DIR; };
		CC71D0B229C0BFE900924321 /* randomProjectUITests.swift */ = {isa = PBXFileReference; lastKnownFileType = sourcecode.swift; path = randomProjectUITests.swift; sourceTree = "<group>"; };
		CC71D0B429C0BFE900924321 /* randomProjectUITestsLaunchTests.swift */ = {isa = PBXFileReference; lastKnownFileType = sourcecode.swift; path = randomProjectUITestsLaunchTests.swift; sourceTree = "<group>"; };
/* End PBXFileReference section */

/* Begin PBXFrameworksBuildPhase section */
		CC71D09129C0BFE400924321 /* Frameworks */ = {
			isa = PBXFrameworksBuildPhase;
			buildActionMask = 2147483647;
			files = (
			);
			runOnlyForDeploymentPostprocessing = 0;
		};
		CC71D0A129C0BFE900924321 /* Frameworks */ = {
			isa = PBXFrameworksBuildPhase;
			buildActionMask = 2147483647;
			files = (
			);
			runOnlyForDeploymentPostprocessing = 0;
		};
		CC71D0AB29C0BFE900924321 /* Frameworks */ = {
			isa = PBXFrameworksBuildPhase;
			buildActionMask = 2147483647;
			files = (
			);
			runOnlyForDeploymentPostprocessing = 0;
		};
/* End PBXFrameworksBuildPhase section */

/* Begin PBXGroup section */
		CC71D08B29C0BFE400924321 = {
			isa = PBXGroup;
			children = (
				CC71D09629C0BFE400924321 /* randomProject */,
				CC71D0A729C0BFE900924321 /* randomProjectTests */,
				CC71D0B129C0BFE900924321 /* randomProjectUITests */,
				CC71D09529C0BFE400924321 /* Products */,
			);
			sourceTree = "<group>";
		};
		CC71D09529C0BFE400924321 /* Products */ = {
			isa = PBXGroup;
			children = (
				CC71D09429C0BFE400924321 /* randomProject.app */,
				CC71D0A429C0BFE900924321 /* randomProjectTests.xctest */,
				CC71D0AE29C0BFE900924321 /* randomProjectUITests.xctest */,
			);
			name = Products;
			sourceTree = "<group>";
		};
		CC71D09629C0BFE400924321 /* randomProject */ = {
			isa = PBXGroup;
			children = (
				CC71D09729C0BFE400924321 /* randomProjectApp.swift */,
				CC71D09929C0BFE400924321 /* ContentView.swift */,
				CC71D09B29C0BFE800924321 /* Assets.xcassets */,
				CC71D09D29C0BFE800924321 /* Preview Content */,
			);
			path = randomProject;
			sourceTree = "<group>";
		};
		CC71D09D29C0BFE800924321 /* Preview Content */ = {
			isa = PBXGroup;
			children = (
				CC71D09E29C0BFE800924321 /* Preview Assets.xcassets */,
			);
			path = "Preview Content";
			sourceTree = "<group>";
		};
		CC71D0A729C0BFE900924321 /* randomProjectTests */ = {
			isa = PBXGroup;
			children = (
				CC71D0A829C0BFE900924321 /* randomProjectTests.swift */,
			);
			path = randomProjectTests;
			sourceTree = "<group>";
		};
		CC71D0B129C0BFE900924321 /* randomProjectUITests */ = {
			isa = PBXGroup;
			children = (
				CC71D0B229C0BFE900924321 /* randomProjectUITests.swift */,
				CC71D0B429C0BFE900924321 /* randomProjectUITestsLaunchTests.swift */,
			);
			path = randomProjectUITests;
			sourceTree = "<group>";
		};
/* End PBXGroup section */

/* Begin PBXNativeTarget section */
		CC71D09329C0BFE400924321 /* randomProject */ = {
			isa = PBXNativeTarget;
			buildConfigurationList = CC71D0B829C0BFE900924321 /* Build configuration list for PBXNativeTarget "randomProject" */;
			buildPhases = (
				CC71D09029C0BFE400924321 /* Sources */,
				CC71D09129C0BFE400924321 /* Frameworks */,
				CC71D09229C0BFE400924321 /* Resources */,
			);
			buildRules = (
			);
			dependencies = (
			);
			name = randomProject;
			productName = randomProject;
			productReference = CC71D09429C0BFE400924321 /* randomProject.app */;
			productType = "com.apple.product-type.application";
		};
		CC71D0A329C0BFE900924321 /* randomProjectTests */ = {
			isa = PBXNativeTarget;
			buildConfigurationList = CC71D0BB29C0BFE900924321 /* Build configuration list for PBXNativeTarget "randomProjectTests" */;
			buildPhases = (
				CC71D0A029C0BFE900924321 /* Sources */,
				CC71D0A129C0BFE900924321 /* Frameworks */,
				CC71D0A229C0BFE900924321 /* Resources */,
			);
			buildRules = (
			);
			dependencies = (
				CC71D0A629C0BFE900924321 /* PBXTargetDependency */,
			);
			name = randomProjectTests;
			productName = randomProjectTests;
			productReference = CC71D0A429C0BFE900924321 /* randomProjectTests.xctest */;
			productType = "com.apple.product-type.bundle.unit-test";
		};
		CC71D0AD29C0BFE900924321 /* randomProjectUITests */ = {
			isa = PBXNativeTarget;
			buildConfigurationList = CC71D0BE29C0BFE900924321 /* Build configuration list for PBXNativeTarget "randomProjectUITests" */;
			buildPhases = (
				CC71D0AA29C0BFE900924321 /* Sources */,
				CC71D0AB29C0BFE900924321 /* Frameworks */,
				CC71D0AC29C0BFE900924321 /* Resources */,
			);
			buildRules = (
			);
			dependencies = (
				CC71D0B029C0BFE900924321 /* PBXTargetDependency */,
			);
			name = randomProjectUITests;
			productName = randomProjectUITests;
			productReference = CC71D0AE29C0BFE900924321 /* randomProjectUITests.xctest */;
			productType = "com.apple.product-type.bundle.ui-testing";
		};
/* End PBXNativeTarget section */

/* Begin PBXProject section */
		CC71D08C29C0BFE400924321 /* Project object */ = {
			isa = PBXProject;
			attributes = {
				BuildIndependentTargetsInParallel = 1;
				LastSwiftUpdateCheck = 1420;
				LastUpgradeCheck = 1420;
				TargetAttributes = {
					CC71D09329C0BFE400924321 = {
						CreatedOnToolsVersion = 14.2;
					};
					CC71D0A329C0BFE900924321 = {
						CreatedOnToolsVersion = 14.2;
						TestTargetID = CC71D09329C0BFE400924321;
					};
					CC71D0AD29C0BFE900924321 = {
						CreatedOnToolsVersion = 14.2;
						TestTargetID = CC71D09329C0BFE400924321;
					};
				};
			};
			buildConfigurationList = CC71D08F29C0BFE400924321 /* Build configuration list for PBXProject "randomProject" */;
			compatibilityVersion = "Xcode 14.0";
			developmentRegion = en;
			hasScannedForEncodings = 0;
			knownRegions = (
				en,
				Base,
			);
			mainGroup = CC71D08B29C0BFE400924321;
			productRefGroup = CC71D09529C0BFE400924321 /* Products */;
			projectDirPath = "";
			projectRoot = "";
			targets = (
				CC71D09329C0BFE400924321 /* randomProject */,
				CC71D0A329C0BFE900924321 /* randomProjectTests */,
				CC71D0AD29C0BFE900924321 /* randomProjectUITests */,
			);
		};
/* End PBXProject section */

/* Begin PBXResourcesBuildPhase section */
		CC71D09229C0BFE400924321 /* Resources */ = {
			isa = PBXResourcesBuildPhase;
			buildActionMask = 2147483647;
			files = (
				CC71D09F29C0BFE800924321 /* Preview Assets.xcassets in Resources */,
				CC71D09C29C0BFE800924321 /* Assets.xcassets in Resources */,
			);
			runOnlyForDeploymentPostprocessing = 0;
		};
		CC71D0A229C0BFE900924321 /* Resources */ = {
			isa = PBXResourcesBuildPhase;
			buildActionMask = 2147483647;
			files = (
			);
			runOnlyForDeploymentPostprocessing = 0;
		};
		CC71D0AC29C0BFE900924321 /* Resources */ = {
			isa = PBXResourcesBuildPhase;
			buildActionMask = 2147483647;
			files = (
			);
			runOnlyForDeploymentPostprocessing = 0;
		};
/* End PBXResourcesBuildPhase section */

/* Begin PBXSourcesBuildPhase section */
		CC71D09029C0BFE400924321 /* Sources */ = {
			isa = PBXSourcesBuildPhase;
			buildActionMask = 2147483647;
			files = (
				CC71D09A29C0BFE400924321 /* ContentView.swift in Sources */,
				CC71D09829C0BFE400924321 /* randomProjectApp.swift in Sources */,
			);
			runOnlyForDeploymentPostprocessing = 0;
		};
		CC71D0A029C0BFE900924321 /* Sources */ = {
			isa = PBXSourcesBuildPhase;
			buildActionMask = 2147483647;
			files = (
				CC71D0A929C0BFE900924321 /* randomProjectTests.swift in Sources */,
			);
			runOnlyForDeploymentPostprocessing = 0;
		};
		CC71D0AA29C0BFE900924321 /* Sources */ = {
			isa = PBXSourcesBuildPhase;
			buildActionMask = 2147483647;
			files = (
				CC71D0B329C0BFE900924321 /* randomProjectUITests.swift in Sources */,
				CC71D0B529C0BFE900924321 /* randomProjectUITestsLaunchTests.swift in Sources */,
			);
			runOnlyForDeploymentPostprocessing = 0;
		};
/* End PBXSourcesBuildPhase section */

/* Begin PBXTargetDependency section */
		CC71D0A629C0BFE900924321 /* PBXTargetDependency */ = {
			isa = PBXTargetDependency;
			target = CC71D09329C0BFE400924321 /* randomProject */;
			targetProxy = CC71D0A529C0BFE900924321 /* PBXContainerItemProxy */;
		};
		CC71D0B029C0BFE900924321 /* PBXTargetDependency */ = {
			isa = PBXTargetDependency;
			target = CC71D09329C0BFE400924321 /* randomProject */;
			targetProxy = CC71D0AF29C0BFE900924321 /* PBXContainerItemProxy */;
		};
/* End PBXTargetDependency section */

/* Begin XCBuildConfiguration section */
		CC71D0B629C0BFE900924321 /* Debug */ = {
			isa = XCBuildConfiguration;
			buildSettings = {
				ALWAYS_SEARCH_USER_PATHS = NO;
				CLANG_ANALYZER_NONNULL = YES;
				CLANG_ANALYZER_NUMBER_OBJECT_CONVERSION = YES_AGGRESSIVE;
				CLANG_CXX_LANGUAGE_STANDARD = "gnu++20";
				CLANG_ENABLE_MODULES = YES;
				CLANG_ENABLE_OBJC_ARC = YES;
				CLANG_ENABLE_OBJC_WEAK = YES;
				CLANG_WARN_BLOCK_CAPTURE_AUTORELEASING = YES;
				CLANG_WARN_BOOL_CONVERSION = YES;
				CLANG_WARN_COMMA = YES;
				CLANG_WARN_CONSTANT_CONVERSION = YES;
				CLANG_WARN_DEPRECATED_OBJC_IMPLEMENTATIONS = YES;
				CLANG_WARN_DIRECT_OBJC_ISA_USAGE = YES_ERROR;
				CLANG_WARN_DOCUMENTATION_COMMENTS = YES;
				CLANG_WARN_EMPTY_BODY = YES;
				CLANG_WARN_ENUM_CONVERSION = YES;
				CLANG_WARN_INFINITE_RECURSION = YES;
				CLANG_WARN_INT_CONVERSION = YES;
				CLANG_WARN_NON_LITERAL_NULL_CONVERSION = YES;
				CLANG_WARN_OBJC_IMPLICIT_RETAIN_SELF = YES;
				CLANG_WARN_OBJC_LITERAL_CONVERSION = YES;
				CLANG_WARN_OBJC_ROOT_CLASS = YES_ERROR;
				CLANG_WARN_QUOTED_INCLUDE_IN_FRAMEWORK_HEADER = YES;
				CLANG_WARN_RANGE_LOOP_ANALYSIS = YES;
				CLANG_WARN_STRICT_PROTOTYPES = YES;
				CLANG_WARN_SUSPICIOUS_MOVE = YES;
				CLANG_WARN_UNGUARDED_AVAILABILITY = YES_AGGRESSIVE;
				CLANG_WARN_UNREACHABLE_CODE = YES;
				CLANG_WARN__DUPLICATE_METHOD_MATCH = YES;
				COPY_PHASE_STRIP = NO;
				DEBUG_INFORMATION_FORMAT = dwarf;
				ENABLE_STRICT_OBJC_MSGSEND = YES;
				ENABLE_TESTABILITY = YES;
				GCC_C_LANGUAGE_STANDARD = gnu11;
				GCC_DYNAMIC_NO_PIC = NO;
				GCC_NO_COMMON_BLOCKS = YES;
				GCC_OPTIMIZATION_LEVEL = 0;
				GCC_PREPROCESSOR_DEFINITIONS = (
					"DEBUG=1",
					"$(inherited)",
				);
				GCC_WARN_64_TO_32_BIT_CONVERSION = YES;
				GCC_WARN_ABOUT_RETURN_TYPE = YES_ERROR;
				GCC_WARN_UNDECLARED_SELECTOR = YES;
				GCC_WARN_UNINITIALIZED_AUTOS = YES_AGGRESSIVE;
				GCC_WARN_UNUSED_FUNCTION = YES;
				GCC_WARN_UNUSED_VARIABLE = YES;
				IPHONEOS_DEPLOYMENT_TARGET = 16.2;
				MTL_ENABLE_DEBUG_INFO = INCLUDE_SOURCE;
				MTL_FAST_MATH = YES;
				ONLY_ACTIVE_ARCH = YES;
				SDKROOT = iphoneos;
				SWIFT_ACTIVE_COMPILATION_CONDITIONS = DEBUG;
				SWIFT_OPTIMIZATION_LEVEL = "-Onone";
			};
			name = Debug;
		};
		CC71D0B729C0BFE900924321 /* Release */ = {
			isa = XCBuildConfiguration;
			buildSettings = {
				ALWAYS_SEARCH_USER_PATHS = NO;
				CLANG_ANALYZER_NONNULL = YES;
				CLANG_ANALYZER_NUMBER_OBJECT_CONVERSION = YES_AGGRESSIVE;
				CLANG_CXX_LANGUAGE_STANDARD = "gnu++20";
				CLANG_ENABLE_MODULES = YES;
				CLANG_ENABLE_OBJC_ARC = YES;
				CLANG_ENABLE_OBJC_WEAK = YES;
				CLANG_WARN_BLOCK_CAPTURE_AUTORELEASING = YES;
				CLANG_WARN_BOOL_CONVERSION = YES;
				CLANG_WARN_COMMA = YES;
				CLANG_WARN_CONSTANT_CONVERSION = YES;
				CLANG_WARN_DEPRECATED_OBJC_IMPLEMENTATIONS = YES;
				CLANG_WARN_DIRECT_OBJC_ISA_USAGE = YES_ERROR;
				CLANG_WARN_DOCUMENTATION_COMMENTS = YES;
				CLANG_WARN_EMPTY_BODY = YES;
				CLANG_WARN_ENUM_CONVERSION = YES;
				CLANG_WARN_INFINITE_RECURSION = YES;
				CLANG_WARN_INT_CONVERSION = YES;
				CLANG_WARN_NON_LITERAL_NULL_CONVERSION = YES;
				CLANG_WARN_OBJC_IMPLICIT_RETAIN_SELF = YES;
				CLANG_WARN_OBJC_LITERAL_CONVERSION = YES;
				CLANG_WARN_OBJC_ROOT_CLASS = YES_ERROR;
				CLANG_WARN_QUOTED_INCLUDE_IN_FRAMEWORK_HEADER = YES;
				CLANG_WARN_RANGE_LOOP_ANALYSIS = YES;
				CLANG_WARN_STRICT_PROTOTYPES = YES;
				CLANG_WARN_SUSPICIOUS_MOVE = YES;
				CLANG_WARN_UNGUARDED_AVAILABILITY = YES_AGGRESSIVE;
				CLANG_WARN_UNREACHABLE_CODE = YES;
				CLANG_WARN__DUPLICATE_METHOD_MATCH = YES;
				COPY_PHASE_STRIP = NO;
				DEBUG_INFORMATION_FORMAT = "dwarf-with-dsym";
				ENABLE_NS_ASSERTIONS = NO;
				ENABLE_STRICT_OBJC_MSGSEND = YES;
				GCC_C_LANGUAGE_STANDARD = gnu11;
				GCC_NO_COMMON_BLOCKS = YES;
				GCC_WARN_64_TO_32_BIT_CONVERSION = YES;
				GCC_WARN_ABOUT_RETURN_TYPE = YES_ERROR;
				GCC_WARN_UNDECLARED_SELECTOR = YES;
				GCC_WARN_UNINITIALIZED_AUTOS = YES_AGGRESSIVE;
				GCC_WARN_UNUSED_FUNCTION = YES;
				GCC_WARN_UNUSED_VARIABLE = YES;
				IPHONEOS_DEPLOYMENT_TARGET = 16.2;
				MTL_ENABLE_DEBUG_INFO = NO;
				MTL_FAST_MATH = YES;
				SDKROOT = iphoneos;
				SWIFT_COMPILATION_MODE = wholemodule;
				SWIFT_OPTIMIZATION_LEVEL = "-O";
				VALIDATE_PRODUCT = YES;
			};
			name = Release;
		};
		CC71D0B929C0BFE900924321 /* Debug */ = {
			isa = XCBuildConfiguration;
			buildSettings = {
				ASSETCATALOG_COMPILER_APPICON_NAME = AppIcon;
				ASSETCATALOG_COMPILER_GLOBAL_ACCENT_COLOR_NAME = AccentColor;
				CODE_SIGN_STYLE = Automatic;
				CURRENT_PROJECT_VERSION = 1;
				DEVELOPMENT_ASSET_PATHS = "\"randomProject/Preview Content\"";
				ENABLE_PREVIEWS = YES;
				GENERATE_INFOPLIST_FILE = YES;
				INFOPLIST_KEY_UIApplicationSceneManifest_Generation = YES;
				INFOPLIST_KEY_UIApplicationSupportsIndirectInputEvents = YES;
				INFOPLIST_KEY_UILaunchScreen_Generation = YES;
				INFOPLIST_KEY_UISupportedInterfaceOrientations_iPad = "UIInterfaceOrientationPortrait UIInterfaceOrientationPortraitUpsideDown UIInterfaceOrientationLandscapeLeft UIInterfaceOrientationLandscapeRight";
				INFOPLIST_KEY_UISupportedInterfaceOrientations_iPhone = "UIInterfaceOrientationPortrait UIInterfaceOrientationLandscapeLeft UIInterfaceOrientationLandscapeRight";
				LD_RUNPATH_SEARCH_PATHS = (
					"$(inherited)",
					"@executable_path/Frameworks",
				);
				MARKETING_VERSION = 1.0;
				PRODUCT_BUNDLE_IDENTIFIER = JV.randomProject;
				PRODUCT_NAME = "$(TARGET_NAME)";
				SWIFT_EMIT_LOC_STRINGS = YES;
				SWIFT_VERSION = 5.0;
				TARGETED_DEVICE_FAMILY = "1,2";
			};
			name = Debug;
		};
		CC71D0BA29C0BFE900924321 /* Release */ = {
			isa = XCBuildConfiguration;
			buildSettings = {
				ASSETCATALOG_COMPILER_APPICON_NAME = AppIcon;
				ASSETCATALOG_COMPILER_GLOBAL_ACCENT_COLOR_NAME = AccentColor;
				CODE_SIGN_STYLE = Automatic;
				CURRENT_PROJECT_VERSION = 1;
				DEVELOPMENT_ASSET_PATHS = "\"randomProject/Preview Content\"";
				ENABLE_PREVIEWS = YES;
				GENERATE_INFOPLIST_FILE = YES;
				INFOPLIST_KEY_UIApplicationSceneManifest_Generation = YES;
				INFOPLIST_KEY_UIApplicationSupportsIndirectInputEvents = YES;
				INFOPLIST_KEY_UILaunchScreen_Generation = YES;
				INFOPLIST_KEY_UISupportedInterfaceOrientations_iPad = "UIInterfaceOrientationPortrait UIInterfaceOrientationPortraitUpsideDown UIInterfaceOrientationLandscapeLeft UIInterfaceOrientationLandscapeRight";
				INFOPLIST_KEY_UISupportedInterfaceOrientations_iPhone = "UIInterfaceOrientationPortrait UIInterfaceOrientationLandscapeLeft UIInterfaceOrientationLandscapeRight";
				LD_RUNPATH_SEARCH_PATHS = (
					"$(inherited)",
					"@executable_path/Frameworks",
				);
				MARKETING_VERSION = 1.0;
				PRODUCT_BUNDLE_IDENTIFIER = JV.randomProject;
				PRODUCT_NAME = "$(TARGET_NAME)";
				SWIFT_EMIT_LOC_STRINGS = YES;
				SWIFT_VERSION = 5.0;
				TARGETED_DEVICE_FAMILY = "1,2";
			};
			name = Release;
		};
		CC71D0BC29C0BFE900924321 /* Debug */ = {
			isa = XCBuildConfiguration;
			buildSettings = {
				ALWAYS_EMBED_SWIFT_STANDARD_LIBRARIES = YES;
				BUNDLE_LOADER = "$(TEST_HOST)";
				CODE_SIGN_STYLE = Automatic;
				CURRENT_PROJECT_VERSION = 1;
				GENERATE_INFOPLIST_FILE = YES;
				IPHONEOS_DEPLOYMENT_TARGET = 16.2;
				MARKETING_VERSION = 1.0;
				PRODUCT_BUNDLE_IDENTIFIER = JV.randomProjectTests;
				PRODUCT_NAME = "$(TARGET_NAME)";
				SWIFT_EMIT_LOC_STRINGS = NO;
				SWIFT_VERSION = 5.0;
				TARGETED_DEVICE_FAMILY = "1,2";
				TEST_HOST = "$(BUILT_PRODUCTS_DIR)/randomProject.app/$(BUNDLE_EXECUTABLE_FOLDER_PATH)/randomProject";
			};
			name = Debug;
		};
		CC71D0BD29C0BFE900924321 /* Release */ = {
			isa = XCBuildConfiguration;
			buildSettings = {
				ALWAYS_EMBED_SWIFT_STANDARD_LIBRARIES = YES;
				BUNDLE_LOADER = "$(TEST_HOST)";
				CODE_SIGN_STYLE = Automatic;
				CURRENT_PROJECT_VERSION = 1;
				GENERATE_INFOPLIST_FILE = YES;
				IPHONEOS_DEPLOYMENT_TARGET = 16.2;
				MARKETING_VERSION = 1.0;
				PRODUCT_BUNDLE_IDENTIFIER = JV.randomProjectTests;
				PRODUCT_NAME = "$(TARGET_NAME)";
				SWIFT_EMIT_LOC_STRINGS = NO;
				SWIFT_VERSION = 5.0;
				TARGETED_DEVICE_FAMILY = "1,2";
				TEST_HOST = "$(BUILT_PRODUCTS_DIR)/randomProject.app/$(BUNDLE_EXECUTABLE_FOLDER_PATH)/randomProject";
			};
			name = Release;
		};
		CC71D0BF29C0BFE900924321 /* Debug */ = {
			isa = XCBuildConfiguration;
			buildSettings = {
				ALWAYS_EMBED_SWIFT_STANDARD_LIBRARIES = YES;
				CODE_SIGN_STYLE = Automatic;
				CURRENT_PROJECT_VERSION = 1;
				GENERATE_INFOPLIST_FILE = YES;
				MARKETING_VERSION = 1.0;
				PRODUCT_BUNDLE_IDENTIFIER = JV.randomProjectUITests;
				PRODUCT_NAME = "$(TARGET_NAME)";
				SWIFT_EMIT_LOC_STRINGS = NO;
				SWIFT_VERSION = 5.0;
				TARGETED_DEVICE_FAMILY = "1,2";
				TEST_TARGET_NAME = randomProject;
			};
			name = Debug;
		};
		CC71D0C029C0BFE900924321 /* Release */ = {
			isa = XCBuildConfiguration;
			buildSettings = {
				ALWAYS_EMBED_SWIFT_STANDARD_LIBRARIES = YES;
				CODE_SIGN_STYLE = Automatic;
				CURRENT_PROJECT_VERSION = 1;
				GENERATE_INFOPLIST_FILE = YES;
				MARKETING_VERSION = 1.0;
				PRODUCT_BUNDLE_IDENTIFIER = JV.randomProjectUITests;
				PRODUCT_NAME = "$(TARGET_NAME)";
				SWIFT_EMIT_LOC_STRINGS = NO;
				SWIFT_VERSION = 5.0;
				TARGETED_DEVICE_FAMILY = "1,2";
				TEST_TARGET_NAME = randomProject;
			};
			name = Release;
		};
/* End XCBuildConfiguration section */

/* Begin XCConfigurationList section */
		CC71D08F29C0BFE400924321 /* Build configuration list for PBXProject "randomProject" */ = {
			isa = XCConfigurationList;
			buildConfigurations = (
				CC71D0B629C0BFE900924321 /* Debug */,
				CC71D0B729C0BFE900924321 /* Release */,
			);
			defaultConfigurationIsVisible = 0;
			defaultConfigurationName = Release;
		};
		CC71D0B829C0BFE900924321 /* Build configuration list for PBXNativeTarget "randomProject" */ = {
			isa = XCConfigurationList;
			buildConfigurations = (
				CC71D0B929C0BFE900924321 /* Debug */,
				CC71D0BA29C0BFE900924321 /* Release */,
			);
			defaultConfigurationIsVisible = 0;
			defaultConfigurationName = Release;
		};
		CC71D0BB29C0BFE900924321 /* Build configuration list for PBXNativeTarget "randomProjectTests" */ = {
			isa = XCConfigurationList;
			buildConfigurations = (
				CC71D0BC29C0BFE900924321 /* Debug */,
				CC71D0BD29C0BFE900924321 /* Release */,
			);
			defaultConfigurationIsVisible = 0;
			defaultConfigurationName = Release;
		};
		CC71D0BE29C0BFE900924321 /* Build configuration list for PBXNativeTarget "randomProjectUITests" */ = {
			isa = XCConfigurationList;
			buildConfigurations = (
				CC71D0BF29C0BFE900924321 /* Debug */,
				CC71D0C029C0BFE900924321 /* Release */,
			);
			defaultConfigurationIsVisible = 0;
			defaultConfigurationName = Release;
		};
/* End XCConfigurationList section */
	};
	rootObject = CC71D08C29C0BFE400924321 /* Project object */;
}
